
Microsoft Visual Studio Solution File, Format Version 12.00
# Visual Studio Version 17
VisualStudioVersion = 17.14.36202.13
MinimumVisualStudioVersion = 10.0.40219.1
Project("{FAE04EC0-301F-11D3-BF4B-00C04F79EFBC}") = "MicroDock", "MicroDock\MicroDock.csproj", "{9EF4B616-FF7B-4CE7-830D-51ABFBE2B386}"
EndProject
Project("{FAE04EC0-301F-11D3-BF4B-00C04F79EFBC}") = "MicroDock.Plugin", "MicroDock.Plugin\MicroDock.Plugin.csproj", "{9D4E8D06-7068-453F-BFD2-24CB0F535EF5}"
EndProject
Project("{2150E333-8FDC-42A3-9474-1A3956D46DE8}") = "Plugin", "Plugin", "{02EA681E-C7D8-13C7-8484-4AC65E1B71E8}"
EndProject
Project("{FAE04EC0-301F-11D3-BF4B-00C04F79EFBC}") = "BuglySymbolResolver", "Plugin\BuglySymbolResolver\BuglySymbolResolver.csproj", "{DF34D50C-FD63-4547-A077-8B0F7BE67D27}"
EndProject
Project("{FAE04EC0-301F-11D3-BF4B-00C04F79EFBC}") = "UnityProjectPlugin", "Plugin\UnityProjectPlugin\UnityProjectPlugin.csproj", "{CD93AE6D-EA1E-4559-9581-76ED9F3A8C08}"
EndProject
Project("{FAE04EC0-301F-11D3-BF4B-00C04F79EFBC}") = "ClaudeSwitchPlugin", "Plugin\ClaudeSwitchPlugin\ClaudeSwitchPlugin.csproj", "{81A72833-08DB-49E5-85B1-BB32FDCE1F33}"
EndProject
Project("{FAE04EC0-301F-11D3-BF4B-00C04F79EFBC}") = "RemoteDesktopPlugin", "Plugin\RemoteDesktopPlugin\RemoteDesktopPlugin.csproj", "{3EABBC41-CC2C-4647-84B9-2684BD7F2B58}"
EndProject
Project("{FAE04EC0-301F-11D3-BF4B-00C04F79EFBC}") = "TodoListPlugin", "Plugin\TodoListPlugin\TodoListPlugin.csproj", "{F70D6A11-C60E-4582-A3C8-BAB0E6E00E2A}"
EndProject
Global
	GlobalSection(SolutionConfigurationPlatforms) = preSolution
		Debug|Any CPU = Debug|Any CPU
		Debug|x64 = Debug|x64
		Debug|x86 = Debug|x86
		Release|Any CPU = Release|Any CPU
		Release|x64 = Release|x64
		Release|x86 = Release|x86
	EndGlobalSection
	GlobalSection(ProjectConfigurationPlatforms) = postSolution
		{9EF4B616-FF7B-4CE7-830D-51ABFBE2B386}.Debug|Any CPU.ActiveCfg = Debug|Any CPU
		{9EF4B616-FF7B-4CE7-830D-51ABFBE2B386}.Debug|Any CPU.Build.0 = Debug|Any CPU
		{9EF4B616-FF7B-4CE7-830D-51ABFBE2B386}.Debug|x64.ActiveCfg = Debug|Any CPU
		{9EF4B616-FF7B-4CE7-830D-51ABFBE2B386}.Debug|x64.Build.0 = Debug|Any CPU
		{9EF4B616-FF7B-4CE7-830D-51ABFBE2B386}.Debug|x86.ActiveCfg = Debug|Any CPU
		{9EF4B616-FF7B-4CE7-830D-51ABFBE2B386}.Debug|x86.Build.0 = Debug|Any CPU
		{9EF4B616-FF7B-4CE7-830D-51ABFBE2B386}.Release|Any CPU.ActiveCfg = Release|Any CPU
		{9EF4B616-FF7B-4CE7-830D-51ABFBE2B386}.Release|Any CPU.Build.0 = Release|Any CPU
		{9EF4B616-FF7B-4CE7-830D-51ABFBE2B386}.Release|x64.ActiveCfg = Release|Any CPU
		{9EF4B616-FF7B-4CE7-830D-51ABFBE2B386}.Release|x64.Build.0 = Release|Any CPU
		{9EF4B616-FF7B-4CE7-830D-51ABFBE2B386}.Release|x86.ActiveCfg = Release|Any CPU
		{9EF4B616-FF7B-4CE7-830D-51ABFBE2B386}.Release|x86.Build.0 = Release|Any CPU
		{9D4E8D06-7068-453F-BFD2-24CB0F535EF5}.Debug|Any CPU.ActiveCfg = Debug|Any CPU
		{9D4E8D06-7068-453F-BFD2-24CB0F535EF5}.Debug|Any CPU.Build.0 = Debug|Any CPU
		{9D4E8D06-7068-453F-BFD2-24CB0F535EF5}.Debug|x64.ActiveCfg = Debug|Any CPU
		{9D4E8D06-7068-453F-BFD2-24CB0F535EF5}.Debug|x64.Build.0 = Debug|Any CPU
		{9D4E8D06-7068-453F-BFD2-24CB0F535EF5}.Debug|x86.ActiveCfg = Debug|Any CPU
		{9D4E8D06-7068-453F-BFD2-24CB0F535EF5}.Debug|x86.Build.0 = Debug|Any CPU
		{9D4E8D06-7068-453F-BFD2-24CB0F535EF5}.Release|Any CPU.ActiveCfg = Release|Any CPU
		{9D4E8D06-7068-453F-BFD2-24CB0F535EF5}.Release|Any CPU.Build.0 = Release|Any CPU
		{9D4E8D06-7068-453F-BFD2-24CB0F535EF5}.Release|x64.ActiveCfg = Release|Any CPU
		{9D4E8D06-7068-453F-BFD2-24CB0F535EF5}.Release|x64.Build.0 = Release|Any CPU
		{9D4E8D06-7068-453F-BFD2-24CB0F535EF5}.Release|x86.ActiveCfg = Release|Any CPU
		{9D4E8D06-7068-453F-BFD2-24CB0F535EF5}.Release|x86.Build.0 = Release|Any CPU
		{DF34D50C-FD63-4547-A077-8B0F7BE67D27}.Debug|Any CPU.ActiveCfg = Debug|Any CPU
		{DF34D50C-FD63-4547-A077-8B0F7BE67D27}.Debug|Any CPU.Build.0 = Debug|Any CPU
		{DF34D50C-FD63-4547-A077-8B0F7BE67D27}.Debug|x64.ActiveCfg = Debug|Any CPU
		{DF34D50C-FD63-4547-A077-8B0F7BE67D27}.Debug|x64.Build.0 = Debug|Any CPU
		{DF34D50C-FD63-4547-A077-8B0F7BE67D27}.Debug|x86.ActiveCfg = Debug|Any CPU
		{DF34D50C-FD63-4547-A077-8B0F7BE67D27}.Debug|x86.Build.0 = Debug|Any CPU
		{DF34D50C-FD63-4547-A077-8B0F7BE67D27}.Release|Any CPU.ActiveCfg = Release|Any CPU
		{DF34D50C-FD63-4547-A077-8B0F7BE67D27}.Release|Any CPU.Build.0 = Release|Any CPU
		{DF34D50C-FD63-4547-A077-8B0F7BE67D27}.Release|x64.ActiveCfg = Release|Any CPU
		{DF34D50C-FD63-4547-A077-8B0F7BE67D27}.Release|x64.Build.0 = Release|Any CPU
		{DF34D50C-FD63-4547-A077-8B0F7BE67D27}.Release|x86.ActiveCfg = Release|Any CPU
		{DF34D50C-FD63-4547-A077-8B0F7BE67D27}.Release|x86.Build.0 = Release|Any CPU
		{CD93AE6D-EA1E-4559-9581-76ED9F3A8C08}.Debug|Any CPU.ActiveCfg = Debug|Any CPU
		{CD93AE6D-EA1E-4559-9581-76ED9F3A8C08}.Debug|Any CPU.Build.0 = Debug|Any CPU
		{CD93AE6D-EA1E-4559-9581-76ED9F3A8C08}.Debug|x64.ActiveCfg = Debug|Any CPU
		{CD93AE6D-EA1E-4559-9581-76ED9F3A8C08}.Debug|x64.Build.0 = Debug|Any CPU
		{CD93AE6D-EA1E-4559-9581-76ED9F3A8C08}.Debug|x86.ActiveCfg = Debug|Any CPU
		{CD93AE6D-EA1E-4559-9581-76ED9F3A8C08}.Debug|x86.Build.0 = Debug|Any CPU
		{CD93AE6D-EA1E-4559-9581-76ED9F3A8C08}.Release|Any CPU.ActiveCfg = Release|Any CPU
		{CD93AE6D-EA1E-4559-9581-76ED9F3A8C08}.Release|Any CPU.Build.0 = Release|Any CPU
		{CD93AE6D-EA1E-4559-9581-76ED9F3A8C08}.Release|x64.ActiveCfg = Release|Any CPU
		{CD93AE6D-EA1E-4559-9581-76ED9F3A8C08}.Release|x64.Build.0 = Release|Any CPU
		{CD93AE6D-EA1E-4559-9581-76ED9F3A8C08}.Release|x86.ActiveCfg = Release|Any CPU
		{CD93AE6D-EA1E-4559-9581-76ED9F3A8C08}.Release|x86.Build.0 = Release|Any CPU
		{81A72833-08DB-49E5-85B1-BB32FDCE1F33}.Debug|Any CPU.ActiveCfg = Debug|Any CPU
		{81A72833-08DB-49E5-85B1-BB32FDCE1F33}.Debug|Any CPU.Build.0 = Debug|Any CPU
		{81A72833-08DB-49E5-85B1-BB32FDCE1F33}.Debug|x64.ActiveCfg = Debug|Any CPU
		{81A72833-08DB-49E5-85B1-BB32FDCE1F33}.Debug|x64.Build.0 = Debug|Any CPU
		{81A72833-08DB-49E5-85B1-BB32FDCE1F33}.Debug|x86.ActiveCfg = Debug|Any CPU
		{81A72833-08DB-49E5-85B1-BB32FDCE1F33}.Debug|x86.Build.0 = Debug|Any CPU
		{81A72833-08DB-49E5-85B1-BB32FDCE1F33}.Release|Any CPU.ActiveCfg = Release|Any CPU
		{81A72833-08DB-49E5-85B1-BB32FDCE1F33}.Release|Any CPU.Build.0 = Release|Any CPU
		{81A72833-08DB-49E5-85B1-BB32FDCE1F33}.Release|x64.ActiveCfg = Release|Any CPU
		{81A72833-08DB-49E5-85B1-BB32FDCE1F33}.Release|x64.Build.0 = Release|Any CPU
		{81A72833-08DB-49E5-85B1-BB32FDCE1F33}.Release|x86.ActiveCfg = Release|Any CPU
		{81A72833-08DB-49E5-85B1-BB32FDCE1F33}.Release|x86.Build.0 = Release|Any CPU
		{3EABBC41-CC2C-4647-84B9-2684BD7F2B58}.Debug|Any CPU.ActiveCfg = Debug|Any CPU
		{3EABBC41-CC2C-4647-84B9-2684BD7F2B58}.Debug|Any CPU.Build.0 = Debug|Any CPU
		{3EABBC41-CC2C-4647-84B9-2684BD7F2B58}.Debug|x64.ActiveCfg = Debug|Any CPU
		{3EABBC41-CC2C-4647-84B9-2684BD7F2B58}.Debug|x64.Build.0 = Debug|Any CPU
		{3EABBC41-CC2C-4647-84B9-2684BD7F2B58}.Debug|x86.ActiveCfg = Debug|Any CPU
		{3EABBC41-CC2C-4647-84B9-2684BD7F2B58}.Debug|x86.Build.0 = Debug|Any CPU
		{3EABBC41-CC2C-4647-84B9-2684BD7F2B58}.Release|Any CPU.ActiveCfg = Release|Any CPU
		{3EABBC41-CC2C-4647-84B9-2684BD7F2B58}.Release|Any CPU.Build.0 = Release|Any CPU
		{3EABBC41-CC2C-4647-84B9-2684BD7F2B58}.Release|x64.ActiveCfg = Release|Any CPU
		{3EABBC41-CC2C-4647-84B9-2684BD7F2B58}.Release|x64.Build.0 = Release|Any CPU
		{3EABBC41-CC2C-4647-84B9-2684BD7F2B58}.Release|x86.ActiveCfg = Release|Any CPU
		{3EABBC41-CC2C-4647-84B9-2684BD7F2B58}.Release|x86.Build.0 = Release|Any CPU
		{F70D6A11-C60E-4582-A3C8-BAB0E6E00E2A}.Debug|Any CPU.ActiveCfg = Debug|Any CPU
		{F70D6A11-C60E-4582-A3C8-BAB0E6E00E2A}.Debug|Any CPU.Build.0 = Debug|Any CPU
		{F70D6A11-C60E-4582-A3C8-BAB0E6E00E2A}.Debug|x64.ActiveCfg = Debug|Any CPU
		{F70D6A11-C60E-4582-A3C8-BAB0E6E00E2A}.Debug|x64.Build.0 = Debug|Any CPU
		{F70D6A11-C60E-4582-A3C8-BAB0E6E00E2A}.Debug|x86.ActiveCfg = Debug|Any CPU
		{F70D6A11-C60E-4582-A3C8-BAB0E6E00E2A}.Debug|x86.Build.0 = Debug|Any CPU
		{F70D6A11-C60E-4582-A3C8-BAB0E6E00E2A}.Release|Any CPU.ActiveCfg = Release|Any CPU
		{F70D6A11-C60E-4582-A3C8-BAB0E6E00E2A}.Release|Any CPU.Build.0 = Release|Any CPU
		{F70D6A11-C60E-4582-A3C8-BAB0E6E00E2A}.Release|x64.ActiveCfg = Release|Any CPU
		{F70D6A11-C60E-4582-A3C8-BAB0E6E00E2A}.Release|x64.Build.0 = Release|Any CPU
		{F70D6A11-C60E-4582-A3C8-BAB0E6E00E2A}.Release|x86.ActiveCfg = Release|Any CPU
		{F70D6A11-C60E-4582-A3C8-BAB0E6E00E2A}.Release|x86.Build.0 = Release|Any CPU
	EndGlobalSection
	GlobalSection(SolutionProperties) = preSolution
		HideSolutionNode = FALSE
	EndGlobalSection
	GlobalSection(NestedProjects) = preSolution
		{DF34D50C-FD63-4547-A077-8B0F7BE67D27} = {02EA681E-C7D8-13C7-8484-4AC65E1B71E8}
		{CD93AE6D-EA1E-4559-9581-76ED9F3A8C08} = {02EA681E-C7D8-13C7-8484-4AC65E1B71E8}
		{81A72833-08DB-49E5-85B1-BB32FDCE1F33} = {02EA681E-C7D8-13C7-8484-4AC65E1B71E8}
		{3EABBC41-CC2C-4647-84B9-2684BD7F2B58} = {02EA681E-C7D8-13C7-8484-4AC65E1B71E8}
		{F70D6A11-C60E-4582-A3C8-BAB0E6E00E2A} = {02EA681E-C7D8-13C7-8484-4AC65E1B71E8}
	EndGlobalSection
	GlobalSection(ExtensibilityGlobals) = postSolution
		SolutionGuid = {D1C9119F-CAA6-48AE-9549-495364253FA7}
	EndGlobalSection
EndGlobal
